// !$*UTF8*$!
{
	archiveVersion = 1;
	classes = {
	};
	objectVersion = 56;
	objects = {

/* Begin PBXBuildFile section */
		4B9FE9EC2C7EF39D00835681 /* SwiftUIExampleApp.swift in Sources */ = {isa = PBXBuildFile; fileRef = 4B9FE9EB2C7EF39D00835681 /* SwiftUIExampleApp.swift */; };
		4B9FE9EE2C7EF39D00835681 /* ContentView.swift in Sources */ = {isa = PBXBuildFile; fileRef = 4B9FE9ED2C7EF39D00835681 /* ContentView.swift */; };
		4B9FE9F02C7EF39E00835681 /* Assets.xcassets in Resources */ = {isa = PBXBuildFile; fileRef = 4B9FE9EF2C7EF39E00835681 /* Assets.xcassets */; };
		4B9FE9F42C7EF39E00835681 /* Preview Assets.xcassets in Resources */ = {isa = PBXBuildFile; fileRef = 4B9FE9F32C7EF39E00835681 /* Preview Assets.xcassets */; };
		4B9FE9FE2C7EF7B200835681 /* PageModel.swift in Sources */ = {isa = PBXBuildFile; fileRef = 4B9FE9FD2C7EF7B200835681 /* PageModel.swift */; };
		4B9FEA002C7F039600835681 /* SideBarView.swift in Sources */ = {isa = PBXBuildFile; fileRef = 4B9FE9FF2C7F039600835681 /* SideBarView.swift */; };
		4B9FEA022C7F097500835681 /* TextPage.swift in Sources */ = {isa = PBXBuildFile; fileRef = 4B9FEA012C7F097400835681 /* TextPage.swift */; };
		4B9FEA042C7F09AB00835681 /* SideBarItem.swift in Sources */ = {isa = PBXBuildFile; fileRef = 4B9FEA032C7F09AB00835681 /* SideBarItem.swift */; };
		4B9FEA062C7F0EF000835681 /* TextFieldPage.swift in Sources */ = {isa = PBXBuildFile; fileRef = 4B9FEA052C7F0EF000835681 /* TextFieldPage.swift */; };
		4B9FEA0C2C808D6F00835681 /* ImagePage.swift in Sources */ = {isa = PBXBuildFile; fileRef = 4B9FEA0B2C808D6F00835681 /* ImagePage.swift */; };
		4B9FEA0E2C80904700835681 /* DemoPage.swift in Sources */ = {isa = PBXBuildFile; fileRef = 4B9FEA0D2C80904700835681 /* DemoPage.swift */; };
/* End PBXBuildFile section */

/* Begin PBXFileReference section */
		4B9FE9E82C7EF39D00835681 /* SwiftUIExample.app */ = {isa = PBXFileReference; explicitFileType = wrapper.application; includeInIndex = 0; path = SwiftUIExample.app; sourceTree = BUILT_PRODUCTS_DIR; };
		4B9FE9EB2C7EF39D00835681 /* SwiftUIExampleApp.swift */ = {isa = PBXFileReference; lastKnownFileType = sourcecode.swift; path = SwiftUIExampleApp.swift; sourceTree = "<group>"; };
		4B9FE9ED2C7EF39D00835681 /* ContentView.swift */ = {isa = PBXFileReference; lastKnownFileType = sourcecode.swift; path = ContentView.swift; sourceTree = "<group>"; };
		4B9FE9EF2C7EF39E00835681 /* Assets.xcassets */ = {isa = PBXFileReference; lastKnownFileType = folder.assetcatalog; path = Assets.xcassets; sourceTree = "<group>"; };
		4B9FE9F12C7EF39E00835681 /* SwiftUIExample.entitlements */ = {isa = PBXFileReference; lastKnownFileType = text.plist.entitlements; path = SwiftUIExample.entitlements; sourceTree = "<group>"; };
		4B9FE9F32C7EF39E00835681 /* Preview Assets.xcassets */ = {isa = PBXFileReference; lastKnownFileType = folder.assetcatalog; path = "Preview Assets.xcassets"; sourceTree = "<group>"; };
		4B9FE9FD2C7EF7B200835681 /* PageModel.swift */ = {isa = PBXFileReference; lastKnownFileType = sourcecode.swift; path = PageModel.swift; sourceTree = "<group>"; };
		4B9FE9FF2C7F039600835681 /* SideBarView.swift */ = {isa = PBXFileReference; lastKnownFileType = sourcecode.swift; path = SideBarView.swift; sourceTree = "<group>"; };
		4B9FEA012C7F097400835681 /* TextPage.swift */ = {isa = PBXFileReference; lastKnownFileType = sourcecode.swift; path = TextPage.swift; sourceTree = "<group>"; };
		4B9FEA032C7F09AB00835681 /* SideBarItem.swift */ = {isa = PBXFileReference; lastKnownFileType = sourcecode.swift; path = SideBarItem.swift; sourceTree = "<group>"; };
		4B9FEA052C7F0EF000835681 /* TextFieldPage.swift */ = {isa = PBXFileReference; lastKnownFileType = sourcecode.swift; path = TextFieldPage.swift; sourceTree = "<group>"; };
		4B9FEA0B2C808D6F00835681 /* ImagePage.swift */ = {isa = PBXFileReference; lastKnownFileType = sourcecode.swift; path = ImagePage.swift; sourceTree = "<group>"; };
		4B9FEA0D2C80904700835681 /* DemoPage.swift */ = {isa = PBXFileReference; lastKnownFileType = sourcecode.swift; path = DemoPage.swift; sourceTree = "<group>"; };
/* End PBXFileReference section */

/* Begin PBXFrameworksBuildPhase section */
		4B9FE9E52C7EF39D00835681 /* Frameworks */ = {
			isa = PBXFrameworksBuildPhase;
			buildActionMask = 2147483647;
			files = (
			);
			runOnlyForDeploymentPostprocessing = 0;
		};
/* End PBXFrameworksBuildPhase section */

/* Begin PBXGroup section */
		4B9FE9DF2C7EF39D00835681 = {
			isa = PBXGroup;
			children = (
				4B9FE9EA2C7EF39D00835681 /* SwiftUIExample */,
				4B9FE9E92C7EF39D00835681 /* Products */,
			);
			sourceTree = "<group>";
		};
		4B9FE9E92C7EF39D00835681 /* Products */ = {
			isa = PBXGroup;
			children = (
				4B9FE9E82C7EF39D00835681 /* SwiftUIExample.app */,
			);
			name = Products;
			sourceTree = "<group>";
		};
		4B9FE9EA2C7EF39D00835681 /* SwiftUIExample */ = {
			isa = PBXGroup;
			children = (
				4B9FE9EB2C7EF39D00835681 /* SwiftUIExampleApp.swift */,
				4B9FE9ED2C7EF39D00835681 /* ContentView.swift */,
				4B9FE9FC2C7EF79D00835681 /* Page */,
				4B9FE9FB2C7EF79500835681 /* View */,
				4B9FE9FA2C7EF78A00835681 /* Model */,
				4B9FE9EF2C7EF39E00835681 /* Assets.xcassets */,
				4B9FE9F12C7EF39E00835681 /* SwiftUIExample.entitlements */,
				4B9FE9F22C7EF39E00835681 /* Preview Content */,
			);
			path = SwiftUIExample;
			sourceTree = "<group>";
		};
		4B9FE9F22C7EF39E00835681 /* Preview Content */ = {
			isa = PBXGroup;
			children = (
				4B9FE9F32C7EF39E00835681 /* Preview Assets.xcassets */,
			);
			path = "Preview Content";
			sourceTree = "<group>";
		};
		4B9FE9FA2C7EF78A00835681 /* Model */ = {
			isa = PBXGroup;
			children = (
				4B9FE9FD2C7EF7B200835681 /* PageModel.swift */,
			);
			path = Model;
			sourceTree = "<group>";
		};
		4B9FE9FB2C7EF79500835681 /* View */ = {
			isa = PBXGroup;
			children = (
				4B9FE9FF2C7F039600835681 /* SideBarView.swift */,
				4B9FEA032C7F09AB00835681 /* SideBarItem.swift */,
			);
			path = View;
			sourceTree = "<group>";
		};
		4B9FE9FC2C7EF79D00835681 /* Page */ = {
			isa = PBXGroup;
			children = (
				4B9FEA012C7F097400835681 /* TextPage.swift */,
				4B9FEA052C7F0EF000835681 /* TextFieldPage.swift */,
				4B9FEA0B2C808D6F00835681 /* ImagePage.swift */,
				4B9FEA0D2C80904700835681 /* DemoPage.swift */,
			);
			path = Page;
			sourceTree = "<group>";
		};
/* End PBXGroup section */

/* Begin PBXNativeTarget section */
		4B9FE9E72C7EF39D00835681 /* SwiftUIExample */ = {
			isa = PBXNativeTarget;
			buildConfigurationList = 4B9FE9F72C7EF39E00835681 /* Build configuration list for PBXNativeTarget "SwiftUIExample" */;
			buildPhases = (
				4B9FE9E42C7EF39D00835681 /* Sources */,
				4B9FE9E52C7EF39D00835681 /* Frameworks */,
				4B9FE9E62C7EF39D00835681 /* Resources */,
			);
			buildRules = (
			);
			dependencies = (
			);
			name = SwiftUIExample;
			productName = SwiftUIExample;
			productReference = 4B9FE9E82C7EF39D00835681 /* SwiftUIExample.app */;
			productType = "com.apple.product-type.application";
		};
/* End PBXNativeTarget section */

/* Begin PBXProject section */
		4B9FE9E02C7EF39D00835681 /* Project object */ = {
			isa = PBXProject;
			attributes = {
				BuildIndependentTargetsInParallel = 1;
				LastSwiftUpdateCheck = 1500;
				LastUpgradeCheck = 1500;
				TargetAttributes = {
					4B9FE9E72C7EF39D00835681 = {
						CreatedOnToolsVersion = 15.0.1;
					};
				};
			};
			buildConfigurationList = 4B9FE9E32C7EF39D00835681 /* Build configuration list for PBXProject "SwiftUIExample" */;
			compatibilityVersion = "Xcode 14.0";
			developmentRegion = en;
			hasScannedForEncodings = 0;
			knownRegions = (
				en,
				Base,
			);
			mainGroup = 4B9FE9DF2C7EF39D00835681;
			productRefGroup = 4B9FE9E92C7EF39D00835681 /* Products */;
			projectDirPath = "";
			projectRoot = "";
			targets = (
				4B9FE9E72C7EF39D00835681 /* SwiftUIExample */,
			);
		};
/* End PBXProject section */

/* Begin PBXResourcesBuildPhase section */
		4B9FE9E62C7EF39D00835681 /* Resources */ = {
			isa = PBXResourcesBuildPhase;
			buildActionMask = 2147483647;
			files = (
				4B9FE9F42C7EF39E00835681 /* Preview Assets.xcassets in Resources */,
				4B9FE9F02C7EF39E00835681 /* Assets.xcassets in Resources */,
			);
			runOnlyForDeploymentPostprocessing = 0;
		};
/* End PBXResourcesBuildPhase section */

/* Begin PBXSourcesBuildPhase section */
		4B9FE9E42C7EF39D00835681 /* Sources */ = {
			isa = PBXSourcesBuildPhase;
			buildActionMask = 2147483647;
			files = (
				4B9FE9EE2C7EF39D00835681 /* ContentView.swift in Sources */,
				4B9FEA042C7F09AB00835681 /* SideBarItem.swift in Sources */,
				4B9FEA0C2C808D6F00835681 /* ImagePage.swift in Sources */,
				4B9FEA002C7F039600835681 /* SideBarView.swift in Sources */,
				4B9FE9FE2C7EF7B200835681 /* PageModel.swift in Sources */,
				4B9FEA0E2C80904700835681 /* DemoPage.swift in Sources */,
				4B9FE9EC2C7EF39D00835681 /* SwiftUIExampleApp.swift in Sources */,
				4B9FEA022C7F097500835681 /* TextPage.swift in Sources */,
				4B9FEA062C7F0EF000835681 /* TextFieldPage.swift in Sources */,
			);
			runOnlyForDeploymentPostprocessing = 0;
		};
/* End PBXSourcesBuildPhase section */

/* Begin XCBuildConfiguration section */
		4B9FE9F52C7EF39E00835681 /* Debug */ = {
			isa = XCBuildConfiguration;
			buildSettings = {
				ALWAYS_SEARCH_USER_PATHS = NO;
				ASSETCATALOG_COMPILER_GENERATE_SWIFT_ASSET_SYMBOL_EXTENSIONS = YES;
				CLANG_ANALYZER_NONNULL = YES;
				CLANG_ANALYZER_NUMBER_OBJECT_CONVERSION = YES_AGGRESSIVE;
				CLANG_CXX_LANGUAGE_STANDARD = "gnu++20";
				CLANG_ENABLE_MODULES = YES;
				CLANG_ENABLE_OBJC_ARC = YES;
				CLANG_ENABLE_OBJC_WEAK = YES;
				CLANG_WARN_BLOCK_CAPTURE_AUTORELEASING = YES;
				CLANG_WARN_BOOL_CONVERSION = YES;
				CLANG_WARN_COMMA = YES;
				CLANG_WARN_CONSTANT_CONVERSION = YES;
				CLANG_WARN_DEPRECATED_OBJC_IMPLEMENTATIONS = YES;
				CLANG_WARN_DIRECT_OBJC_ISA_USAGE = YES_ERROR;
				CLANG_WARN_DOCUMENTATION_COMMENTS = YES;
				CLANG_WARN_EMPTY_BODY = YES;
				CLANG_WARN_ENUM_CONVERSION = YES;
				CLANG_WARN_INFINITE_RECURSION = YES;
				CLANG_WARN_INT_CONVERSION = YES;
				CLANG_WARN_NON_LITERAL_NULL_CONVERSION = YES;
				CLANG_WARN_OBJC_IMPLICIT_RETAIN_SELF = YES;
				CLANG_WARN_OBJC_LITERAL_CONVERSION = YES;
				CLANG_WARN_OBJC_ROOT_CLASS = YES_ERROR;
				CLANG_WARN_QUOTED_INCLUDE_IN_FRAMEWORK_HEADER = YES;
				CLANG_WARN_RANGE_LOOP_ANALYSIS = YES;
				CLANG_WARN_STRICT_PROTOTYPES = YES;
				CLANG_WARN_SUSPICIOUS_MOVE = YES;
				CLANG_WARN_UNGUARDED_AVAILABILITY = YES_AGGRESSIVE;
				CLANG_WARN_UNREACHABLE_CODE = YES;
				CLANG_WARN__DUPLICATE_METHOD_MATCH = YES;
				COPY_PHASE_STRIP = NO;
				DEBUG_INFORMATION_FORMAT = dwarf;
				ENABLE_STRICT_OBJC_MSGSEND = YES;
				ENABLE_TESTABILITY = YES;
				ENABLE_USER_SCRIPT_SANDBOXING = YES;
				GCC_C_LANGUAGE_STANDARD = gnu17;
				GCC_DYNAMIC_NO_PIC = NO;
				GCC_NO_COMMON_BLOCKS = YES;
				GCC_OPTIMIZATION_LEVEL = 0;
				GCC_PREPROCESSOR_DEFINITIONS = (
					"DEBUG=1",
					"$(inherited)",
				);
				GCC_WARN_64_TO_32_BIT_CONVERSION = YES;
				GCC_WARN_ABOUT_RETURN_TYPE = YES_ERROR;
				GCC_WARN_UNDECLARED_SELECTOR = YES;
				GCC_WARN_UNINITIALIZED_AUTOS = YES_AGGRESSIVE;
				GCC_WARN_UNUSED_FUNCTION = YES;
				GCC_WARN_UNUSED_VARIABLE = YES;
				LOCALIZATION_PREFERS_STRING_CATALOGS = YES;
				MTL_ENABLE_DEBUG_INFO = INCLUDE_SOURCE;
				MTL_FAST_MATH = YES;
				ONLY_ACTIVE_ARCH = YES;
				SWIFT_ACTIVE_COMPILATION_CONDITIONS = "DEBUG $(inherited)";
				SWIFT_OPTIMIZATION_LEVEL = "-Onone";
			};
			name = Debug;
		};
		4B9FE9F62C7EF39E00835681 /* Release */ = {
			isa = XCBuildConfiguration;
			buildSettings = {
				ALWAYS_SEARCH_USER_PATHS = NO;
				ASSETCATALOG_COMPILER_GENERATE_SWIFT_ASSET_SYMBOL_EXTENSIONS = YES;
				CLANG_ANALYZER_NONNULL = YES;
				CLANG_ANALYZER_NUMBER_OBJECT_CONVERSION = YES_AGGRESSIVE;
				CLANG_CXX_LANGUAGE_STANDARD = "gnu++20";
				CLANG_ENABLE_MODULES = YES;
				CLANG_ENABLE_OBJC_ARC = YES;
				CLANG_ENABLE_OBJC_WEAK = YES;
				CLANG_WARN_BLOCK_CAPTURE_AUTORELEASING = YES;
				CLANG_WARN_BOOL_CONVERSION = YES;
				CLANG_WARN_COMMA = YES;
				CLANG_WARN_CONSTANT_CONVERSION = YES;
				CLANG_WARN_DEPRECATED_OBJC_IMPLEMENTATIONS = YES;
				CLANG_WARN_DIRECT_OBJC_ISA_USAGE = YES_ERROR;
				CLANG_WARN_DOCUMENTATION_COMMENTS = YES;
				CLANG_WARN_EMPTY_BODY = YES;
				CLANG_WARN_ENUM_CONVERSION = YES;
				CLANG_WARN_INFINITE_RECURSION = YES;
				CLANG_WARN_INT_CONVERSION = YES;
				CLANG_WARN_NON_LITERAL_NULL_CONVERSION = YES;
				CLANG_WARN_OBJC_IMPLICIT_RETAIN_SELF = YES;
				CLANG_WARN_OBJC_LITERAL_CONVERSION = YES;
				CLANG_WARN_OBJC_ROOT_CLASS = YES_ERROR;
				CLANG_WARN_QUOTED_INCLUDE_IN_FRAMEWORK_HEADER = YES;
				CLANG_WARN_RANGE_LOOP_ANALYSIS = YES;
				CLANG_WARN_STRICT_PROTOTYPES = YES;
				CLANG_WARN_SUSPICIOUS_MOVE = YES;
				CLANG_WARN_UNGUARDED_AVAILABILITY = YES_AGGRESSIVE;
				CLANG_WARN_UNREACHABLE_CODE = YES;
				CLANG_WARN__DUPLICATE_METHOD_MATCH = YES;
				COPY_PHASE_STRIP = NO;
				DEBUG_INFORMATION_FORMAT = "dwarf-with-dsym";
				ENABLE_NS_ASSERTIONS = NO;
				ENABLE_STRICT_OBJC_MSGSEND = YES;
				ENABLE_USER_SCRIPT_SANDBOXING = YES;
				GCC_C_LANGUAGE_STANDARD = gnu17;
				GCC_NO_COMMON_BLOCKS = YES;
				GCC_WARN_64_TO_32_BIT_CONVERSION = YES;
				GCC_WARN_ABOUT_RETURN_TYPE = YES_ERROR;
				GCC_WARN_UNDECLARED_SELECTOR = YES;
				GCC_WARN_UNINITIALIZED_AUTOS = YES_AGGRESSIVE;
				GCC_WARN_UNUSED_FUNCTION = YES;
				GCC_WARN_UNUSED_VARIABLE = YES;
				LOCALIZATION_PREFERS_STRING_CATALOGS = YES;
				MTL_ENABLE_DEBUG_INFO = NO;
				MTL_FAST_MATH = YES;
				SWIFT_COMPILATION_MODE = wholemodule;
			};
			name = Release;
		};
		4B9FE9F82C7EF39E00835681 /* Debug */ = {
			isa = XCBuildConfiguration;
			buildSettings = {
				ASSETCATALOG_COMPILER_APPICON_NAME = AppIcon;
				ASSETCATALOG_COMPILER_GLOBAL_ACCENT_COLOR_NAME = AccentColor;
				CODE_SIGN_ENTITLEMENTS = SwiftUIExample/SwiftUIExample.entitlements;
				CODE_SIGN_STYLE = Automatic;
				CURRENT_PROJECT_VERSION = 1;
				DEVELOPMENT_ASSET_PATHS = "\"SwiftUIExample/Preview Content\"";
				DEVELOPMENT_TEAM = QNMCTRKH9M;
				ENABLE_HARDENED_RUNTIME = YES;
				ENABLE_PREVIEWS = YES;
				GENERATE_INFOPLIST_FILE = YES;
				"INFOPLIST_KEY_UIApplicationSceneManifest_Generation[sdk=iphoneos*]" = YES;
				"INFOPLIST_KEY_UIApplicationSceneManifest_Generation[sdk=iphonesimulator*]" = YES;
				"INFOPLIST_KEY_UIApplicationSupportsIndirectInputEvents[sdk=iphoneos*]" = YES;
				"INFOPLIST_KEY_UIApplicationSupportsIndirectInputEvents[sdk=iphonesimulator*]" = YES;
				"INFOPLIST_KEY_UILaunchScreen_Generation[sdk=iphoneos*]" = YES;
				"INFOPLIST_KEY_UILaunchScreen_Generation[sdk=iphonesimulator*]" = YES;
				"INFOPLIST_KEY_UIStatusBarStyle[sdk=iphoneos*]" = UIStatusBarStyleDefault;
				"INFOPLIST_KEY_UIStatusBarStyle[sdk=iphonesimulator*]" = UIStatusBarStyleDefault;
				INFOPLIST_KEY_UISupportedInterfaceOrientations_iPad = "UIInterfaceOrientationPortrait UIInterfaceOrientationPortraitUpsideDown UIInterfaceOrientationLandscapeLeft UIInterfaceOrientationLandscapeRight";
				INFOPLIST_KEY_UISupportedInterfaceOrientations_iPhone = "UIInterfaceOrientationPortrait UIInterfaceOrientationLandscapeLeft UIInterfaceOrientationLandscapeRight";
				IPHONEOS_DEPLOYMENT_TARGET = 17.0;
				LD_RUNPATH_SEARCH_PATHS = "@executable_path/Frameworks";
				"LD_RUNPATH_SEARCH_PATHS[sdk=macosx*]" = "@executable_path/../Frameworks";
				MACOSX_DEPLOYMENT_TARGET = 14.0;
				MARKETING_VERSION = 1.0;
				PRODUCT_BUNDLE_IDENTIFIER = com.zpfate.www.SwiftUIExample;
				PRODUCT_NAME = "$(TARGET_NAME)";
				SDKROOT = auto;
				SUPPORTED_PLATFORMS = "iphoneos iphonesimulator macosx";
				SWIFT_EMIT_LOC_STRINGS = YES;
				SWIFT_VERSION = 5.0;
				TARGETED_DEVICE_FAMILY = "1,2";
			};
			name = Debug;
		};
		4B9FE9F92C7EF39E00835681 /* Release */ = {
			isa = XCBuildConfiguration;
			buildSettings = {
				ASSETCATALOG_COMPILER_APPICON_NAME = AppIcon;
				ASSETCATALOG_COMPILER_GLOBAL_ACCENT_COLOR_NAME = AccentColor;
				CODE_SIGN_ENTITLEMENTS = SwiftUIExample/SwiftUIExample.entitlements;
				CODE_SIGN_STYLE = Automatic;
				CURRENT_PROJECT_VERSION = 1;
				DEVELOPMENT_ASSET_PATHS = "\"SwiftUIExample/Preview Content\"";
				DEVELOPMENT_TEAM = QNMCTRKH9M;
				ENABLE_HARDENED_RUNTIME = YES;
				ENABLE_PREVIEWS = YES;
				GENERATE_INFOPLIST_FILE = YES;
				"INFOPLIST_KEY_UIApplicationSceneManifest_Generation[sdk=iphoneos*]" = YES;
				"INFOPLIST_KEY_UIApplicationSceneManifest_Generation[sdk=iphonesimulator*]" = YES;
				"INFOPLIST_KEY_UIApplicationSupportsIndirectInputEvents[sdk=iphoneos*]" = YES;
				"INFOPLIST_KEY_UIApplicationSupportsIndirectInputEvents[sdk=iphonesimulator*]" = YES;
				"INFOPLIST_KEY_UILaunchScreen_Generation[sdk=iphoneos*]" = YES;
				"INFOPLIST_KEY_UILaunchScreen_Generation[sdk=iphonesimulator*]" = YES;
				"INFOPLIST_KEY_UIStatusBarStyle[sdk=iphoneos*]" = UIStatusBarStyleDefault;
				"INFOPLIST_KEY_UIStatusBarStyle[sdk=iphonesimulator*]" = UIStatusBarStyleDefault;
				INFOPLIST_KEY_UISupportedInterfaceOrientations_iPad = "UIInterfaceOrientationPortrait UIInterfaceOrientationPortraitUpsideDown UIInterfaceOrientationLandscapeLeft UIInterfaceOrientationLandscapeRight";
				INFOPLIST_KEY_UISupportedInterfaceOrientations_iPhone = "UIInterfaceOrientationPortrait UIInterfaceOrientationLandscapeLeft UIInterfaceOrientationLandscapeRight";
				IPHONEOS_DEPLOYMENT_TARGET = 17.0;
				LD_RUNPATH_SEARCH_PATHS = "@executable_path/Frameworks";
				"LD_RUNPATH_SEARCH_PATHS[sdk=macosx*]" = "@executable_path/../Frameworks";
				MACOSX_DEPLOYMENT_TARGET = 14.0;
				MARKETING_VERSION = 1.0;
				PRODUCT_BUNDLE_IDENTIFIER = com.zpfate.www.SwiftUIExample;
				PRODUCT_NAME = "$(TARGET_NAME)";
				SDKROOT = auto;
				SUPPORTED_PLATFORMS = "iphoneos iphonesimulator macosx";
				SWIFT_EMIT_LOC_STRINGS = YES;
				SWIFT_VERSION = 5.0;
				TARGETED_DEVICE_FAMILY = "1,2";
			};
			name = Release;
		};
/* End XCBuildConfiguration section */

/* Begin XCConfigurationList section */
		4B9FE9E32C7EF39D00835681 /* Build configuration list for PBXProject "SwiftUIExample" */ = {
			isa = XCConfigurationList;
			buildConfigurations = (
				4B9FE9F52C7EF39E00835681 /* Debug */,
				4B9FE9F62C7EF39E00835681 /* Release */,
			);
			defaultConfigurationIsVisible = 0;
			defaultConfigurationName = Release;
		};
		4B9FE9F72C7EF39E00835681 /* Build configuration list for PBXNativeTarget "SwiftUIExample" */ = {
			isa = XCConfigurationList;
			buildConfigurations = (
				4B9FE9F82C7EF39E00835681 /* Debug */,
				4B9FE9F92C7EF39E00835681 /* Release */,
			);
			defaultConfigurationIsVisible = 0;
			defaultConfigurationName = Release;
		};
/* End XCConfigurationList section */
	};
	rootObject = 4B9FE9E02C7EF39D00835681 /* Project object */;
}
