// !$*UTF8*$!
{
	archiveVersion = 1;
	classes = {
	};
	objectVersion = 50;
	objects = {

/* Begin PBXBuildFile section */
		5B04EBC623A8BC6100986FAC /* CircleImageView.swift in Sources */ = {isa = PBXBuildFile; fileRef = 5B04EBC523A8BC6100986FAC /* CircleImageView.swift */; };
		5B04EBC823A8BEB600986FAC /* MapView.swift in Sources */ = {isa = PBXBuildFile; fileRef = 5B04EBC723A8BEB600986FAC /* MapView.swift */; };
		5B4780F523BAF30800259581 /* LandmarkList.swift in Sources */ = {isa = PBXBuildFile; fileRef = 5B4780F423BAF30800259581 /* LandmarkList.swift */; };
		5B7BE26523BA2C490013E10A /* Data.swift in Sources */ = {isa = PBXBuildFile; fileRef = 5B7BE26423BA2C490013E10A /* Data.swift */; };
		5B7BE27423BA2C570013E10A /* turtlerock.jpg in Resources */ = {isa = PBXBuildFile; fileRef = 5B7BE26723BA2C570013E10A /* turtlerock.jpg */; };
		5B7BE27523BA2C570013E10A /* silversalmoncreek.jpg in Resources */ = {isa = PBXBuildFile; fileRef = 5B7BE26823BA2C570013E10A /* silversalmoncreek.jpg */; };
		5B7BE27623BA2C570013E10A /* icybay.jpg in Resources */ = {isa = PBXBuildFile; fileRef = 5B7BE26923BA2C570013E10A /* icybay.jpg */; };
		5B7BE27723BA2C570013E10A /* lakemcdonald.jpg in Resources */ = {isa = PBXBuildFile; fileRef = 5B7BE26A23BA2C570013E10A /* lakemcdonald.jpg */; };
		5B7BE27823BA2C570013E10A /* hiddenlake.jpg in Resources */ = {isa = PBXBuildFile; fileRef = 5B7BE26B23BA2C570013E10A /* hiddenlake.jpg */; };
		5B7BE27923BA2C570013E10A /* twinlake.jpg in Resources */ = {isa = PBXBuildFile; fileRef = 5B7BE26C23BA2C570013E10A /* twinlake.jpg */; };
		5B7BE27A23BA2C570013E10A /* umbagog.jpg in Resources */ = {isa = PBXBuildFile; fileRef = 5B7BE26D23BA2C570013E10A /* umbagog.jpg */; };
		5B7BE27B23BA2C570013E10A /* landmarkData.json in Resources */ = {isa = PBXBuildFile; fileRef = 5B7BE26E23BA2C570013E10A /* landmarkData.json */; };
		5B7BE27C23BA2C570013E10A /* chincoteague.jpg in Resources */ = {isa = PBXBuildFile; fileRef = 5B7BE26F23BA2C570013E10A /* chincoteague.jpg */; };
		5B7BE27D23BA2C570013E10A /* yukon_charleyrivers.jpg in Resources */ = {isa = PBXBuildFile; fileRef = 5B7BE27023BA2C570013E10A /* yukon_charleyrivers.jpg */; };
		5B7BE27E23BA2C570013E10A /* stmarylake.jpg in Resources */ = {isa = PBXBuildFile; fileRef = 5B7BE27123BA2C570013E10A /* stmarylake.jpg */; };
		5B7BE27F23BA2C570013E10A /* chilkoottrail.jpg in Resources */ = {isa = PBXBuildFile; fileRef = 5B7BE27223BA2C570013E10A /* chilkoottrail.jpg */; };
		5B7BE28023BA2C570013E10A /* rainbowlake.jpg in Resources */ = {isa = PBXBuildFile; fileRef = 5B7BE27323BA2C570013E10A /* rainbowlake.jpg */; };
		5B7BE28223BAE70C0013E10A /* LandmarkRow.swift in Sources */ = {isa = PBXBuildFile; fileRef = 5B7BE28123BAE70C0013E10A /* LandmarkRow.swift */; };
		5BBCFDFE23A8D2DF00850BDA /* LandMark.swift in Sources */ = {isa = PBXBuildFile; fileRef = 5BBCFDFD23A8D2DF00850BDA /* LandMark.swift */; };
		5BF7C65523A879F0009D5F8F /* AppDelegate.swift in Sources */ = {isa = PBXBuildFile; fileRef = 5BF7C65423A879F0009D5F8F /* AppDelegate.swift */; };
		5BF7C65723A879F0009D5F8F /* SceneDelegate.swift in Sources */ = {isa = PBXBuildFile; fileRef = 5BF7C65623A879F0009D5F8F /* SceneDelegate.swift */; };
		5BF7C65923A879F0009D5F8F /* LandmarkDetail.swift in Sources */ = {isa = PBXBuildFile; fileRef = 5BF7C65823A879F0009D5F8F /* LandmarkDetail.swift */; };
		5BF7C65B23A879F4009D5F8F /* Assets.xcassets in Resources */ = {isa = PBXBuildFile; fileRef = 5BF7C65A23A879F4009D5F8F /* Assets.xcassets */; };
		5BF7C65E23A879F4009D5F8F /* Preview Assets.xcassets in Resources */ = {isa = PBXBuildFile; fileRef = 5BF7C65D23A879F4009D5F8F /* Preview Assets.xcassets */; };
		5BF7C66123A879F4009D5F8F /* LaunchScreen.storyboard in Resources */ = {isa = PBXBuildFile; fileRef = 5BF7C65F23A879F4009D5F8F /* LaunchScreen.storyboard */; };
		5BF7C66923A88201009D5F8F /* StackContentView.swift in Sources */ = {isa = PBXBuildFile; fileRef = 5BF7C66823A88201009D5F8F /* StackContentView.swift */; };
/* End PBXBuildFile section */

/* Begin PBXFileReference section */
		5B04EBC523A8BC6100986FAC /* CircleImageView.swift */ = {isa = PBXFileReference; lastKnownFileType = sourcecode.swift; path = CircleImageView.swift; sourceTree = "<group>"; };
		5B04EBC723A8BEB600986FAC /* MapView.swift */ = {isa = PBXFileReference; lastKnownFileType = sourcecode.swift; path = MapView.swift; sourceTree = "<group>"; };
		5B4780F423BAF30800259581 /* LandmarkList.swift */ = {isa = PBXFileReference; lastKnownFileType = sourcecode.swift; path = LandmarkList.swift; sourceTree = "<group>"; };
		5B7BE26423BA2C490013E10A /* Data.swift */ = {isa = PBXFileReference; fileEncoding = 4; lastKnownFileType = sourcecode.swift; path = Data.swift; sourceTree = "<group>"; };
		5B7BE26723BA2C570013E10A /* turtlerock.jpg */ = {isa = PBXFileReference; lastKnownFileType = image.jpeg; path = turtlerock.jpg; sourceTree = "<group>"; };
		5B7BE26823BA2C570013E10A /* silversalmoncreek.jpg */ = {isa = PBXFileReference; lastKnownFileType = image.jpeg; path = silversalmoncreek.jpg; sourceTree = "<group>"; };
		5B7BE26923BA2C570013E10A /* icybay.jpg */ = {isa = PBXFileReference; lastKnownFileType = image.jpeg; path = icybay.jpg; sourceTree = "<group>"; };
		5B7BE26A23BA2C570013E10A /* lakemcdonald.jpg */ = {isa = PBXFileReference; lastKnownFileType = image.jpeg; path = lakemcdonald.jpg; sourceTree = "<group>"; };
		5B7BE26B23BA2C570013E10A /* hiddenlake.jpg */ = {isa = PBXFileReference; lastKnownFileType = image.jpeg; path = hiddenlake.jpg; sourceTree = "<group>"; };
		5B7BE26C23BA2C570013E10A /* twinlake.jpg */ = {isa = PBXFileReference; lastKnownFileType = image.jpeg; path = twinlake.jpg; sourceTree = "<group>"; };
		5B7BE26D23BA2C570013E10A /* umbagog.jpg */ = {isa = PBXFileReference; lastKnownFileType = image.jpeg; path = umbagog.jpg; sourceTree = "<group>"; };
		5B7BE26E23BA2C570013E10A /* landmarkData.json */ = {isa = PBXFileReference; fileEncoding = 4; lastKnownFileType = text.json; path = landmarkData.json; sourceTree = "<group>"; };
		5B7BE26F23BA2C570013E10A /* chincoteague.jpg */ = {isa = PBXFileReference; lastKnownFileType = image.jpeg; path = chincoteague.jpg; sourceTree = "<group>"; };
		5B7BE27023BA2C570013E10A /* yukon_charleyrivers.jpg */ = {isa = PBXFileReference; lastKnownFileType = image.jpeg; path = yukon_charleyrivers.jpg; sourceTree = "<group>"; };
		5B7BE27123BA2C570013E10A /* stmarylake.jpg */ = {isa = PBXFileReference; lastKnownFileType = image.jpeg; path = stmarylake.jpg; sourceTree = "<group>"; };
		5B7BE27223BA2C570013E10A /* chilkoottrail.jpg */ = {isa = PBXFileReference; lastKnownFileType = image.jpeg; path = chilkoottrail.jpg; sourceTree = "<group>"; };
		5B7BE27323BA2C570013E10A /* rainbowlake.jpg */ = {isa = PBXFileReference; lastKnownFileType = image.jpeg; path = rainbowlake.jpg; sourceTree = "<group>"; };
		5B7BE28123BAE70C0013E10A /* LandmarkRow.swift */ = {isa = PBXFileReference; lastKnownFileType = sourcecode.swift; path = LandmarkRow.swift; sourceTree = "<group>"; };
		5BBCFDFD23A8D2DF00850BDA /* LandMark.swift */ = {isa = PBXFileReference; lastKnownFileType = sourcecode.swift; path = LandMark.swift; sourceTree = "<group>"; };
		5BF7C65123A879F0009D5F8F /* SwiftUIDemo.app */ = {isa = PBXFileReference; explicitFileType = wrapper.application; includeInIndex = 0; path = SwiftUIDemo.app; sourceTree = BUILT_PRODUCTS_DIR; };
		5BF7C65423A879F0009D5F8F /* AppDelegate.swift */ = {isa = PBXFileReference; lastKnownFileType = sourcecode.swift; path = AppDelegate.swift; sourceTree = "<group>"; };
		5BF7C65623A879F0009D5F8F /* SceneDelegate.swift */ = {isa = PBXFileReference; lastKnownFileType = sourcecode.swift; path = SceneDelegate.swift; sourceTree = "<group>"; };
		5BF7C65823A879F0009D5F8F /* LandmarkDetail.swift */ = {isa = PBXFileReference; lastKnownFileType = sourcecode.swift; path = LandmarkDetail.swift; sourceTree = "<group>"; };
		5BF7C65A23A879F4009D5F8F /* Assets.xcassets */ = {isa = PBXFileReference; lastKnownFileType = folder.assetcatalog; path = Assets.xcassets; sourceTree = "<group>"; };
		5BF7C65D23A879F4009D5F8F /* Preview Assets.xcassets */ = {isa = PBXFileReference; lastKnownFileType = folder.assetcatalog; path = "Preview Assets.xcassets"; sourceTree = "<group>"; };
		5BF7C66023A879F4009D5F8F /* Base */ = {isa = PBXFileReference; lastKnownFileType = file.storyboard; name = Base; path = Base.lproj/LaunchScreen.storyboard; sourceTree = "<group>"; };
		5BF7C66223A879F4009D5F8F /* Info.plist */ = {isa = PBXFileReference; lastKnownFileType = text.plist.xml; path = Info.plist; sourceTree = "<group>"; };
		5BF7C66823A88201009D5F8F /* StackContentView.swift */ = {isa = PBXFileReference; lastKnownFileType = sourcecode.swift; path = StackContentView.swift; sourceTree = "<group>"; };
/* End PBXFileReference section */

/* Begin PBXFrameworksBuildPhase section */
		5BF7C64E23A879F0009D5F8F /* Frameworks */ = {
			isa = PBXFrameworksBuildPhase;
			buildActionMask = 2147483647;
			files = (
			);
			runOnlyForDeploymentPostprocessing = 0;
		};
/* End PBXFrameworksBuildPhase section */

/* Begin PBXGroup section */
		5B7BE26623BA2C570013E10A /* Resources */ = {
			isa = PBXGroup;
			children = (
				5B7BE26723BA2C570013E10A /* turtlerock.jpg */,
				5B7BE26823BA2C570013E10A /* silversalmoncreek.jpg */,
				5B7BE26923BA2C570013E10A /* icybay.jpg */,
				5B7BE26A23BA2C570013E10A /* lakemcdonald.jpg */,
				5B7BE26B23BA2C570013E10A /* hiddenlake.jpg */,
				5B7BE26C23BA2C570013E10A /* twinlake.jpg */,
				5B7BE26D23BA2C570013E10A /* umbagog.jpg */,
				5B7BE26E23BA2C570013E10A /* landmarkData.json */,
				5B7BE26F23BA2C570013E10A /* chincoteague.jpg */,
				5B7BE27023BA2C570013E10A /* yukon_charleyrivers.jpg */,
				5B7BE27123BA2C570013E10A /* stmarylake.jpg */,
				5B7BE27223BA2C570013E10A /* chilkoottrail.jpg */,
				5B7BE27323BA2C570013E10A /* rainbowlake.jpg */,
			);
			path = Resources;
			sourceTree = "<group>";
		};
		5BBCFDFB23A8D2BA00850BDA /* Views */ = {
			isa = PBXGroup;
			children = (
				5B04EBC723A8BEB600986FAC /* MapView.swift */,
				5BF7C66823A88201009D5F8F /* StackContentView.swift */,
				5B04EBC523A8BC6100986FAC /* CircleImageView.swift */,
				5B7BE28123BAE70C0013E10A /* LandmarkRow.swift */,
				5B4780F423BAF30800259581 /* LandmarkList.swift */,
				5BF7C65823A879F0009D5F8F /* LandmarkDetail.swift */,
			);
			path = Views;
			sourceTree = "<group>";
		};
		5BBCFDFC23A8D2BA00850BDA /* Models */ = {
			isa = PBXGroup;
			children = (
				5B7BE26423BA2C490013E10A /* Data.swift */,
				5BBCFDFD23A8D2DF00850BDA /* LandMark.swift */,
			);
			path = Models;
			sourceTree = "<group>";
		};
		5BF7C64823A879F0009D5F8F = {
			isa = PBXGroup;
			children = (
				5BF7C65323A879F0009D5F8F /* SwiftUIDemo */,
				5BF7C65223A879F0009D5F8F /* Products */,
			);
			sourceTree = "<group>";
		};
		5BF7C65223A879F0009D5F8F /* Products */ = {
			isa = PBXGroup;
			children = (
				5BF7C65123A879F0009D5F8F /* SwiftUIDemo.app */,
			);
			name = Products;
			sourceTree = "<group>";
		};
		5BF7C65323A879F0009D5F8F /* SwiftUIDemo */ = {
			isa = PBXGroup;
			children = (
				5B7BE26623BA2C570013E10A /* Resources */,
				5BBCFDFC23A8D2BA00850BDA /* Models */,
				5BBCFDFB23A8D2BA00850BDA /* Views */,
				5BF7C65423A879F0009D5F8F /* AppDelegate.swift */,
				5BF7C65623A879F0009D5F8F /* SceneDelegate.swift */,
				5BF7C65A23A879F4009D5F8F /* Assets.xcassets */,
				5BF7C65F23A879F4009D5F8F /* LaunchScreen.storyboard */,
				5BF7C66223A879F4009D5F8F /* Info.plist */,
				5BF7C65C23A879F4009D5F8F /* Preview Content */,
			);
			path = SwiftUIDemo;
			sourceTree = "<group>";
		};
		5BF7C65C23A879F4009D5F8F /* Preview Content */ = {
			isa = PBXGroup;
			children = (
				5BF7C65D23A879F4009D5F8F /* Preview Assets.xcassets */,
			);
			path = "Preview Content";
			sourceTree = "<group>";
		};
/* End PBXGroup section */

/* Begin PBXNativeTarget section */
		5BF7C65023A879F0009D5F8F /* SwiftUIDemo */ = {
			isa = PBXNativeTarget;
			buildConfigurationList = 5BF7C66523A879F4009D5F8F /* Build configuration list for PBXNativeTarget "SwiftUIDemo" */;
			buildPhases = (
				5BF7C64D23A879F0009D5F8F /* Sources */,
				5BF7C64E23A879F0009D5F8F /* Frameworks */,
				5BF7C64F23A879F0009D5F8F /* Resources */,
			);
			buildRules = (
			);
			dependencies = (
			);
			name = SwiftUIDemo;
			productName = SwiftUIDemo;
			productReference = 5BF7C65123A879F0009D5F8F /* SwiftUIDemo.app */;
			productType = "com.apple.product-type.application";
		};
/* End PBXNativeTarget section */

/* Begin PBXProject section */
		5BF7C64923A879F0009D5F8F /* Project object */ = {
			isa = PBXProject;
			attributes = {
				LastSwiftUpdateCheck = 1120;
				LastUpgradeCheck = 1120;
				ORGANIZATIONNAME = "Twisted Fate";
				TargetAttributes = {
					5BF7C65023A879F0009D5F8F = {
						CreatedOnToolsVersion = 11.2;
					};
				};
			};
			buildConfigurationList = 5BF7C64C23A879F0009D5F8F /* Build configuration list for PBXProject "SwiftUIDemo" */;
			compatibilityVersion = "Xcode 9.3";
			developmentRegion = en;
			hasScannedForEncodings = 0;
			knownRegions = (
				en,
				Base,
			);
			mainGroup = 5BF7C64823A879F0009D5F8F;
			productRefGroup = 5BF7C65223A879F0009D5F8F /* Products */;
			projectDirPath = "";
			projectRoot = "";
			targets = (
				5BF7C65023A879F0009D5F8F /* SwiftUIDemo */,
			);
		};
/* End PBXProject section */

/* Begin PBXResourcesBuildPhase section */
		5BF7C64F23A879F0009D5F8F /* Resources */ = {
			isa = PBXResourcesBuildPhase;
			buildActionMask = 2147483647;
			files = (
				5B7BE27723BA2C570013E10A /* lakemcdonald.jpg in Resources */,
				5B7BE27523BA2C570013E10A /* silversalmoncreek.jpg in Resources */,
				5B7BE27B23BA2C570013E10A /* landmarkData.json in Resources */,
				5B7BE27423BA2C570013E10A /* turtlerock.jpg in Resources */,
				5BF7C66123A879F4009D5F8F /* LaunchScreen.storyboard in Resources */,
				5B7BE27A23BA2C570013E10A /* umbagog.jpg in Resources */,
				5B7BE27E23BA2C570013E10A /* stmarylake.jpg in Resources */,
				5B7BE27C23BA2C570013E10A /* chincoteague.jpg in Resources */,
				5BF7C65E23A879F4009D5F8F /* Preview Assets.xcassets in Resources */,
				5B7BE27623BA2C570013E10A /* icybay.jpg in Resources */,
				5B7BE27923BA2C570013E10A /* twinlake.jpg in Resources */,
				5B7BE27823BA2C570013E10A /* hiddenlake.jpg in Resources */,
				5BF7C65B23A879F4009D5F8F /* Assets.xcassets in Resources */,
				5B7BE28023BA2C570013E10A /* rainbowlake.jpg in Resources */,
				5B7BE27F23BA2C570013E10A /* chilkoottrail.jpg in Resources */,
				5B7BE27D23BA2C570013E10A /* yukon_charleyrivers.jpg in Resources */,
			);
			runOnlyForDeploymentPostprocessing = 0;
		};
/* End PBXResourcesBuildPhase section */

/* Begin PBXSourcesBuildPhase section */
		5BF7C64D23A879F0009D5F8F /* Sources */ = {
			isa = PBXSourcesBuildPhase;
			buildActionMask = 2147483647;
			files = (
				5BF7C65523A879F0009D5F8F /* AppDelegate.swift in Sources */,
				5B04EBC823A8BEB600986FAC /* MapView.swift in Sources */,
				5BF7C65723A879F0009D5F8F /* SceneDelegate.swift in Sources */,
				5BF7C66923A88201009D5F8F /* StackContentView.swift in Sources */,
				5B04EBC623A8BC6100986FAC /* CircleImageView.swift in Sources */,
				5BF7C65923A879F0009D5F8F /* LandmarkDetail.swift in Sources */,
				5BBCFDFE23A8D2DF00850BDA /* LandMark.swift in Sources */,
				5B7BE26523BA2C490013E10A /* Data.swift in Sources */,
				5B7BE28223BAE70C0013E10A /* LandmarkRow.swift in Sources */,
				5B4780F523BAF30800259581 /* LandmarkList.swift in Sources */,
			);
			runOnlyForDeploymentPostprocessing = 0;
		};
/* End PBXSourcesBuildPhase section */

/* Begin PBXVariantGroup section */
		5BF7C65F23A879F4009D5F8F /* LaunchScreen.storyboard */ = {
			isa = PBXVariantGroup;
			children = (
				5BF7C66023A879F4009D5F8F /* Base */,
			);
			name = LaunchScreen.storyboard;
			sourceTree = "<group>";
		};
/* End PBXVariantGroup section */

/* Begin XCBuildConfiguration section */
		5BF7C66323A879F4009D5F8F /* Debug */ = {
			isa = XCBuildConfiguration;
			buildSettings = {
				ALWAYS_SEARCH_USER_PATHS = NO;
				CLANG_ANALYZER_NONNULL = YES;
				CLANG_ANALYZER_NUMBER_OBJECT_CONVERSION = YES_AGGRESSIVE;
				CLANG_CXX_LANGUAGE_STANDARD = "gnu++14";
				CLANG_CXX_LIBRARY = "libc++";
				CLANG_ENABLE_MODULES = YES;
				CLANG_ENABLE_OBJC_ARC = YES;
				CLANG_ENABLE_OBJC_WEAK = YES;
				CLANG_WARN_BLOCK_CAPTURE_AUTORELEASING = YES;
				CLANG_WARN_BOOL_CONVERSION = YES;
				CLANG_WARN_COMMA = YES;
				CLANG_WARN_CONSTANT_CONVERSION = YES;
				CLANG_WARN_DEPRECATED_OBJC_IMPLEMENTATIONS = YES;
				CLANG_WARN_DIRECT_OBJC_ISA_USAGE = YES_ERROR;
				CLANG_WARN_DOCUMENTATION_COMMENTS = YES;
				CLANG_WARN_EMPTY_BODY = YES;
				CLANG_WARN_ENUM_CONVERSION = YES;
				CLANG_WARN_INFINITE_RECURSION = YES;
				CLANG_WARN_INT_CONVERSION = YES;
				CLANG_WARN_NON_LITERAL_NULL_CONVERSION = YES;
				CLANG_WARN_OBJC_IMPLICIT_RETAIN_SELF = YES;
				CLANG_WARN_OBJC_LITERAL_CONVERSION = YES;
				CLANG_WARN_OBJC_ROOT_CLASS = YES_ERROR;
				CLANG_WARN_RANGE_LOOP_ANALYSIS = YES;
				CLANG_WARN_STRICT_PROTOTYPES = YES;
				CLANG_WARN_SUSPICIOUS_MOVE = YES;
				CLANG_WARN_UNGUARDED_AVAILABILITY = YES_AGGRESSIVE;
				CLANG_WARN_UNREACHABLE_CODE = YES;
				CLANG_WARN__DUPLICATE_METHOD_MATCH = YES;
				COPY_PHASE_STRIP = NO;
				DEBUG_INFORMATION_FORMAT = dwarf;
				ENABLE_STRICT_OBJC_MSGSEND = YES;
				ENABLE_TESTABILITY = YES;
				GCC_C_LANGUAGE_STANDARD = gnu11;
				GCC_DYNAMIC_NO_PIC = NO;
				GCC_NO_COMMON_BLOCKS = YES;
				GCC_OPTIMIZATION_LEVEL = 0;
				GCC_PREPROCESSOR_DEFINITIONS = (
					"DEBUG=1",
					"$(inherited)",
				);
				GCC_WARN_64_TO_32_BIT_CONVERSION = YES;
				GCC_WARN_ABOUT_RETURN_TYPE = YES_ERROR;
				GCC_WARN_UNDECLARED_SELECTOR = YES;
				GCC_WARN_UNINITIALIZED_AUTOS = YES_AGGRESSIVE;
				GCC_WARN_UNUSED_FUNCTION = YES;
				GCC_WARN_UNUSED_VARIABLE = YES;
				IPHONEOS_DEPLOYMENT_TARGET = 13.2;
				MTL_ENABLE_DEBUG_INFO = INCLUDE_SOURCE;
				MTL_FAST_MATH = YES;
				ONLY_ACTIVE_ARCH = YES;
				SDKROOT = iphoneos;
				SWIFT_ACTIVE_COMPILATION_CONDITIONS = DEBUG;
				SWIFT_OPTIMIZATION_LEVEL = "-Onone";
			};
			name = Debug;
		};
		5BF7C66423A879F4009D5F8F /* Release */ = {
			isa = XCBuildConfiguration;
			buildSettings = {
				ALWAYS_SEARCH_USER_PATHS = NO;
				CLANG_ANALYZER_NONNULL = YES;
				CLANG_ANALYZER_NUMBER_OBJECT_CONVERSION = YES_AGGRESSIVE;
				CLANG_CXX_LANGUAGE_STANDARD = "gnu++14";
				CLANG_CXX_LIBRARY = "libc++";
				CLANG_ENABLE_MODULES = YES;
				CLANG_ENABLE_OBJC_ARC = YES;
				CLANG_ENABLE_OBJC_WEAK = YES;
				CLANG_WARN_BLOCK_CAPTURE_AUTORELEASING = YES;
				CLANG_WARN_BOOL_CONVERSION = YES;
				CLANG_WARN_COMMA = YES;
				CLANG_WARN_CONSTANT_CONVERSION = YES;
				CLANG_WARN_DEPRECATED_OBJC_IMPLEMENTATIONS = YES;
				CLANG_WARN_DIRECT_OBJC_ISA_USAGE = YES_ERROR;
				CLANG_WARN_DOCUMENTATION_COMMENTS = YES;
				CLANG_WARN_EMPTY_BODY = YES;
				CLANG_WARN_ENUM_CONVERSION = YES;
				CLANG_WARN_INFINITE_RECURSION = YES;
				CLANG_WARN_INT_CONVERSION = YES;
				CLANG_WARN_NON_LITERAL_NULL_CONVERSION = YES;
				CLANG_WARN_OBJC_IMPLICIT_RETAIN_SELF = YES;
				CLANG_WARN_OBJC_LITERAL_CONVERSION = YES;
				CLANG_WARN_OBJC_ROOT_CLASS = YES_ERROR;
				CLANG_WARN_RANGE_LOOP_ANALYSIS = YES;
				CLANG_WARN_STRICT_PROTOTYPES = YES;
				CLANG_WARN_SUSPICIOUS_MOVE = YES;
				CLANG_WARN_UNGUARDED_AVAILABILITY = YES_AGGRESSIVE;
				CLANG_WARN_UNREACHABLE_CODE = YES;
				CLANG_WARN__DUPLICATE_METHOD_MATCH = YES;
				COPY_PHASE_STRIP = NO;
				DEBUG_INFORMATION_FORMAT = "dwarf-with-dsym";
				ENABLE_NS_ASSERTIONS = NO;
				ENABLE_STRICT_OBJC_MSGSEND = YES;
				GCC_C_LANGUAGE_STANDARD = gnu11;
				GCC_NO_COMMON_BLOCKS = YES;
				GCC_WARN_64_TO_32_BIT_CONVERSION = YES;
				GCC_WARN_ABOUT_RETURN_TYPE = YES_ERROR;
				GCC_WARN_UNDECLARED_SELECTOR = YES;
				GCC_WARN_UNINITIALIZED_AUTOS = YES_AGGRESSIVE;
				GCC_WARN_UNUSED_FUNCTION = YES;
				GCC_WARN_UNUSED_VARIABLE = YES;
				IPHONEOS_DEPLOYMENT_TARGET = 13.2;
				MTL_ENABLE_DEBUG_INFO = NO;
				MTL_FAST_MATH = YES;
				SDKROOT = iphoneos;
				SWIFT_COMPILATION_MODE = wholemodule;
				SWIFT_OPTIMIZATION_LEVEL = "-O";
				VALIDATE_PRODUCT = YES;
			};
			name = Release;
		};
		5BF7C66623A879F4009D5F8F /* Debug */ = {
			isa = XCBuildConfiguration;
			buildSettings = {
				ASSETCATALOG_COMPILER_APPICON_NAME = AppIcon;
				CODE_SIGN_STYLE = Automatic;
				DEVELOPMENT_ASSET_PATHS = "\"SwiftUIDemo/Preview Content\"";
				DEVELOPMENT_TEAM = 83J8888V77;
				ENABLE_PREVIEWS = YES;
				INFOPLIST_FILE = SwiftUIDemo/Info.plist;
				LD_RUNPATH_SEARCH_PATHS = (
					"$(inherited)",
					"@executable_path/Frameworks",
				);
				PRODUCT_BUNDLE_IDENTIFIER = com.twistedfate.www.SwiftUIDemo;
				PRODUCT_NAME = "$(TARGET_NAME)";
				SWIFT_VERSION = 5.0;
				TARGETED_DEVICE_FAMILY = "1,2";
			};
			name = Debug;
		};
		5BF7C66723A879F4009D5F8F /* Release */ = {
			isa = XCBuildConfiguration;
			buildSettings = {
				ASSETCATALOG_COMPILER_APPICON_NAME = AppIcon;
				CODE_SIGN_STYLE = Automatic;
				DEVELOPMENT_ASSET_PATHS = "\"SwiftUIDemo/Preview Content\"";
				DEVELOPMENT_TEAM = 83J8888V77;
				ENABLE_PREVIEWS = YES;
				INFOPLIST_FILE = SwiftUIDemo/Info.plist;
				LD_RUNPATH_SEARCH_PATHS = (
					"$(inherited)",
					"@executable_path/Frameworks",
				);
				PRODUCT_BUNDLE_IDENTIFIER = com.twistedfate.www.SwiftUIDemo;
				PRODUCT_NAME = "$(TARGET_NAME)";
				SWIFT_VERSION = 5.0;
				TARGETED_DEVICE_FAMILY = "1,2";
			};
			name = Release;
		};
/* End XCBuildConfiguration section */

/* Begin XCConfigurationList section */
		5BF7C64C23A879F0009D5F8F /* Build configuration list for PBXProject "SwiftUIDemo" */ = {
			isa = XCConfigurationList;
			buildConfigurations = (
				5BF7C66323A879F4009D5F8F /* Debug */,
				5BF7C66423A879F4009D5F8F /* Release */,
			);
			defaultConfigurationIsVisible = 0;
			defaultConfigurationName = Release;
		};
		5BF7C66523A879F4009D5F8F /* Build configuration list for PBXNativeTarget "SwiftUIDemo" */ = {
			isa = XCConfigurationList;
			buildConfigurations = (
				5BF7C66623A879F4009D5F8F /* Debug */,
				5BF7C66723A879F4009D5F8F /* Release */,
			);
			defaultConfigurationIsVisible = 0;
			defaultConfigurationName = Release;
		};
/* End XCConfigurationList section */
	};
	rootObject = 5BF7C64923A879F0009D5F8F /* Project object */;
}
